
Microsoft Visual Studio Solution File, Format Version 12.00
Project("{FAE04EC0-301F-11D3-BF4B-00C04F79EFBC}") = "dotmockator.core.test", "test\dotmockator.core.test\dotmockator.core.test.csproj", "{06A28026-0236-4D4E-A827-611167622A42}"
EndProject
Project("{FAE04EC0-301F-11D3-BF4B-00C04F79EFBC}") = "dotmockator.core", "src\dotmockator.core\dotmockator.core.csproj", "{F3EA155D-F08B-4E2E-90CD-5A3618B86730}"
EndProject
Project("{2150E333-8FDC-42A3-9474-1A3956D46DE8}") = "src", "src", "{7A10F705-E92F-4EC7-898D-8150F3C37ED3}"
EndProject
Project("{2150E333-8FDC-42A3-9474-1A3956D46DE8}") = "test", "test", "{B566D9F7-FD68-44A0-9955-D16BF165DFD9}"
EndProject
Project("{FAE04EC0-301F-11D3-BF4B-00C04F79EFBC}") = "dotmockator.transport.file", "src\dotmockator.transport.file\dotmockator.transport.file.csproj", "{F91B8F9D-B159-47AE-9E00-A285444F6FAD}"
EndProject
Project("{FAE04EC0-301F-11D3-BF4B-00C04F79EFBC}") = "dotmockator.transport.file.test", "test\dotmockator.transport.file.test\dotmockator.transport.file.test.csproj", "{8B3CDB8A-61B1-49A1-911C-826887DB6103}"
EndProject
Project("{FAE04EC0-301F-11D3-BF4B-00C04F79EFBC}") = "dotmockator.transport.kafka", "src\dotmockator.transport.kafka\dotmockator.transport.kafka.csproj", "{584A896B-4EDF-45B8-9925-582713D54B37}"
EndProject
Project("{FAE04EC0-301F-11D3-BF4B-00C04F79EFBC}") = "dotmockator.transport.kafka.test", "test\dotmockator.transport.kafka.test\dotmockator.transport.kafka.test.csproj", "{A08D3D0B-9847-44EF-A23C-7AFAFAB46453}"
EndProject
Global
	GlobalSection(SolutionConfigurationPlatforms) = preSolution
		Debug|Any CPU = Debug|Any CPU
		Release|Any CPU = Release|Any CPU
	EndGlobalSection
	GlobalSection(ProjectConfigurationPlatforms) = postSolution
		{06A28026-0236-4D4E-A827-611167622A42}.Debug|Any CPU.ActiveCfg = Debug|Any CPU
		{06A28026-0236-4D4E-A827-611167622A42}.Debug|Any CPU.Build.0 = Debug|Any CPU
		{06A28026-0236-4D4E-A827-611167622A42}.Release|Any CPU.ActiveCfg = Release|Any CPU
		{06A28026-0236-4D4E-A827-611167622A42}.Release|Any CPU.Build.0 = Release|Any CPU
		{F91B8F9D-B159-47AE-9E00-A285444F6FAD}.Debug|Any CPU.ActiveCfg = Debug|Any CPU
		{F91B8F9D-B159-47AE-9E00-A285444F6FAD}.Debug|Any CPU.Build.0 = Debug|Any CPU
		{F91B8F9D-B159-47AE-9E00-A285444F6FAD}.Release|Any CPU.ActiveCfg = Release|Any CPU
		{F91B8F9D-B159-47AE-9E00-A285444F6FAD}.Release|Any CPU.Build.0 = Release|Any CPU
		{8B3CDB8A-61B1-49A1-911C-826887DB6103}.Debug|Any CPU.ActiveCfg = Debug|Any CPU
		{8B3CDB8A-61B1-49A1-911C-826887DB6103}.Debug|Any CPU.Build.0 = Debug|Any CPU
		{8B3CDB8A-61B1-49A1-911C-826887DB6103}.Release|Any CPU.ActiveCfg = Release|Any CPU
		{8B3CDB8A-61B1-49A1-911C-826887DB6103}.Release|Any CPU.Build.0 = Release|Any CPU
		{F3EA155D-F08B-4E2E-90CD-5A3618B86730}.Debug|Any CPU.ActiveCfg = Debug|Any CPU
		{F3EA155D-F08B-4E2E-90CD-5A3618B86730}.Debug|Any CPU.Build.0 = Debug|Any CPU
		{584A896B-4EDF-45B8-9925-582713D54B37}.Debug|Any CPU.ActiveCfg = Debug|Any CPU
		{584A896B-4EDF-45B8-9925-582713D54B37}.Debug|Any CPU.Build.0 = Debug|Any CPU
		{584A896B-4EDF-45B8-9925-582713D54B37}.Release|Any CPU.ActiveCfg = Release|Any CPU
		{584A896B-4EDF-45B8-9925-582713D54B37}.Release|Any CPU.Build.0 = Release|Any CPU
		{A08D3D0B-9847-44EF-A23C-7AFAFAB46453}.Debug|Any CPU.ActiveCfg = Debug|Any CPU
		{A08D3D0B-9847-44EF-A23C-7AFAFAB46453}.Debug|Any CPU.Build.0 = Debug|Any CPU
		{A08D3D0B-9847-44EF-A23C-7AFAFAB46453}.Release|Any CPU.ActiveCfg = Release|Any CPU
		{A08D3D0B-9847-44EF-A23C-7AFAFAB46453}.Release|Any CPU.Build.0 = Release|Any CPU
	EndGlobalSection
	GlobalSection(NestedProjects) = preSolution
		{06A28026-0236-4D4E-A827-611167622A42} = {B566D9F7-FD68-44A0-9955-D16BF165DFD9}
		{F91B8F9D-B159-47AE-9E00-A285444F6FAD} = {7A10F705-E92F-4EC7-898D-8150F3C37ED3}
		{8B3CDB8A-61B1-49A1-911C-826887DB6103} = {B566D9F7-FD68-44A0-9955-D16BF165DFD9}
		{F3EA155D-F08B-4E2E-90CD-5A3618B86730} = {7A10F705-E92F-4EC7-898D-8150F3C37ED3}
		{584A896B-4EDF-45B8-9925-582713D54B37} = {7A10F705-E92F-4EC7-898D-8150F3C37ED3}
		{A08D3D0B-9847-44EF-A23C-7AFAFAB46453} = {B566D9F7-FD68-44A0-9955-D16BF165DFD9}
	EndGlobalSection
EndGlobal
