
Microsoft Visual Studio Solution File, Format Version 12.00
Project("{FAE04EC0-301F-11D3-BF4B-00C04F79EFBC}") = "dotmockator.core.test", "test\dotmockator.core.test\dotmockator.core.test.csproj", "{06A28026-0236-4D4E-A827-611167622A42}"
EndProject
Project("{FAE04EC0-301F-11D3-BF4B-00C04F79EFBC}") = "dotmockator.core", "src\dotmockator.core\dotmockator.core.csproj", "{F3EA155D-F08B-4E2E-90CD-5A3618B86730}"
EndProject
Global
	GlobalSection(SolutionConfigurationPlatforms) = preSolution
		Debug|Any CPU = Debug|Any CPU
		Release|Any CPU = Release|Any CPU
	EndGlobalSection
	GlobalSection(ProjectConfigurationPlatforms) = postSolution
		{06A28026-0236-4D4E-A827-611167622A42}.Debug|Any CPU.ActiveCfg = Debug|Any CPU
		{06A28026-0236-4D4E-A827-611167622A42}.Debug|Any CPU.Build.0 = Debug|Any CPU
		{06A28026-0236-4D4E-A827-611167622A42}.Release|Any CPU.ActiveCfg = Release|Any CPU
		{06A28026-0236-4D4E-A827-611167622A42}.Release|Any CPU.Build.0 = Release|Any CPU
		{F3EA155D-F08B-4E2E-90CD-5A3618B86730}.Debug|Any CPU.ActiveCfg = Debug|Any CPU
		{F3EA155D-F08B-4E2E-90CD-5A3618B86730}.Debug|Any CPU.Build.0 = Debug|Any CPU
		{F3EA155D-F08B-4E2E-90CD-5A3618B86730}.Release|Any CPU.ActiveCfg = Release|Any CPU
		{F3EA155D-F08B-4E2E-90CD-5A3618B86730}.Release|Any CPU.Build.0 = Release|Any CPU
	EndGlobalSection
EndGlobal
